
Microsoft Visual Studio Solution File, Format Version 12.00
# Visual Studio Version 17
VisualStudioVersion = 17.3.32825.248
MinimumVisualStudioVersion = 10.0.40219.1
Project("{FAE04EC0-301F-11D3-BF4B-00C04F79EFBC}") = "pos-system", "pos-system\pos-system.csproj", "{760A201C-7EA2-4986-9BEE-5AF4A359BA49}"
EndProject
Global
	GlobalSection(SolutionConfigurationPlatforms) = preSolution
		Debug|Any CPU = Debug|Any CPU
		Release|Any CPU = Release|Any CPU
	EndGlobalSection
	GlobalSection(ProjectConfigurationPlatforms) = postSolution
		{760A201C-7EA2-4986-9BEE-5AF4A359BA49}.Debug|Any CPU.ActiveCfg = Debug|Any CPU
		{760A201C-7EA2-4986-9BEE-5AF4A359BA49}.Debug|Any CPU.Build.0 = Debug|Any CPU
		{760A201C-7EA2-4986-9BEE-5AF4A359BA49}.Release|Any CPU.ActiveCfg = Release|Any CPU
		{760A201C-7EA2-4986-9BEE-5AF4A359BA49}.Release|Any CPU.Build.0 = Release|Any CPU
	EndGlobalSection
	GlobalSection(SolutionProperties) = preSolution
		HideSolutionNode = FALSE
	EndGlobalSection
	GlobalSection(ExtensibilityGlobals) = postSolution
		SolutionGuid = {72261F83-26E9-4D69-AA23-79D52691AFED}
	EndGlobalSection
EndGlobal
